{
  "version": "4",
  "specifiers": {
    "jsr:@hono/hono@^4.6.14": "4.6.14",
    "jsr:@std/bytes@^1.0.2": "1.0.4",
    "jsr:@std/crypto@^1.0.3": "1.0.3",
    "jsr:@std/uuid@^1.0.4": "1.0.4",
    "npm:typed-htmx@~0.3.1": "0.3.1"
  },
  "jsr": {
    "@hono/hono@4.6.14": {
      "integrity": "b39a5488266adf448fb1081bc3071a0d05145e72f3ab3ff83cf140e780c6c1de"
    },
    "@std/bytes@1.0.4": {
      "integrity": "11a0debe522707c95c7b7ef89b478c13fb1583a7cfb9a85674cd2cc2e3a28abc"
    },
    "@std/crypto@1.0.3": {
      "integrity": "a2a32f51ddef632d299e3879cd027c630dcd4d1d9a5285d6e6788072f4e51e7f"
    },
    "@std/uuid@1.0.4": {
      "integrity": "f4233149cc8b4753cc3763fd83a7c4101699491f55c7be78dc7b30281946d7a0",
      "dependencies": [
        "jsr:@std/bytes",
        "jsr:@std/crypto"
      ]
    }
  },
  "npm": {
    "typed-html@3.0.1": {
      "integrity": "sha512-JKCM9zTfPDuPqQqdGZBWSEiItShliKkBFg5c6yOR8zth43v763XkAzTWaOlVqc0Y6p9ee8AaAbipGfUnCsYZUA=="
    },
    "typed-htmx@0.3.1": {
      "integrity": "sha512-6WSPsukTIOEMsVbx5wzgVSvldLmgBUVcFIm2vJlBpRPtcbDOGC5y1IYrCWNX1yUlNsrv1Ngcw4gGM8jsPyNV7w==",
      "dependencies": [
        "typed-html"
      ]
    }
  },
  "workspace": {
    "dependencies": [
      "jsr:@hono/hono@^4.6.14",
      "jsr:@std/uuid@^1.0.4",
      "npm:typed-htmx@~0.3.1"
    ]
  }
}
